
Microsoft Visual Studio Solution File, Format Version 12.00
# Visual Studio Version 17
VisualStudioVersion = 17.4.33213.308
MinimumVisualStudioVersion = 10.0.40219.1
Project("{8BC9CEB8-8B4A-11D0-8D11-00A0C91BC942}") = "Chapter3", "Chapter3.vcxproj", "{0CE93035-478D-41F7-8655-3FED61829894}"
EndProject
Global
	GlobalSection(SolutionConfigurationPlatforms) = preSolution
		Debug|x64 = Debug|x64
		Debug|x86 = Debug|x86
		Release|x64 = Release|x64
		Release|x86 = Release|x86
	EndGlobalSection
	GlobalSection(ProjectConfigurationPlatforms) = postSolution
		{0CE93035-478D-41F7-8655-3FED61829894}.Debug|x64.ActiveCfg = Debug|x64
		{0CE93035-478D-41F7-8655-3FED61829894}.Debug|x64.Build.0 = Debug|x64
		{0CE93035-478D-41F7-8655-3FED61829894}.Debug|x86.ActiveCfg = Debug|Win32
		{0CE93035-478D-41F7-8655-3FED61829894}.Debug|x86.Build.0 = Debug|Win32
		{0CE93035-478D-41F7-8655-3FED61829894}.Release|x64.ActiveCfg = Release|x64
		{0CE93035-478D-41F7-8655-3FED61829894}.Release|x64.Build.0 = Release|x64
		{0CE93035-478D-41F7-8655-3FED61829894}.Release|x86.ActiveCfg = Release|Win32
		{0CE93035-478D-41F7-8655-3FED61829894}.Release|x86.Build.0 = Release|Win32
	EndGlobalSection
	GlobalSection(SolutionProperties) = preSolution
		HideSolutionNode = FALSE
	EndGlobalSection
	GlobalSection(ExtensibilityGlobals) = postSolution
		SolutionGuid = {B13CFA4A-3A89-4819-A669-DFBE65C2EDA9}
	EndGlobalSection
EndGlobal
