
Microsoft Visual Studio Solution File, Format Version 12.00
# Visual Studio Version 17
VisualStudioVersion = 17.4.33213.308
MinimumVisualStudioVersion = 10.0.40219.1
Project("{8BC9CEB8-8B4A-11D0-8D11-00A0C91BC942}") = "Chapter2_3", "Chapter2_3.vcxproj", "{F5AD1B85-3A01-491A-9D16-856B743A7C5C}"
EndProject
Global
	GlobalSection(SolutionConfigurationPlatforms) = preSolution
		Debug|x64 = Debug|x64
		Debug|x86 = Debug|x86
		Release|x64 = Release|x64
		Release|x86 = Release|x86
	EndGlobalSection
	GlobalSection(ProjectConfigurationPlatforms) = postSolution
		{F5AD1B85-3A01-491A-9D16-856B743A7C5C}.Debug|x64.ActiveCfg = Debug|x64
		{F5AD1B85-3A01-491A-9D16-856B743A7C5C}.Debug|x64.Build.0 = Debug|x64
		{F5AD1B85-3A01-491A-9D16-856B743A7C5C}.Debug|x86.ActiveCfg = Debug|Win32
		{F5AD1B85-3A01-491A-9D16-856B743A7C5C}.Debug|x86.Build.0 = Debug|Win32
		{F5AD1B85-3A01-491A-9D16-856B743A7C5C}.Release|x64.ActiveCfg = Release|x64
		{F5AD1B85-3A01-491A-9D16-856B743A7C5C}.Release|x64.Build.0 = Release|x64
		{F5AD1B85-3A01-491A-9D16-856B743A7C5C}.Release|x86.ActiveCfg = Release|Win32
		{F5AD1B85-3A01-491A-9D16-856B743A7C5C}.Release|x86.Build.0 = Release|Win32
	EndGlobalSection
	GlobalSection(SolutionProperties) = preSolution
		HideSolutionNode = FALSE
	EndGlobalSection
	GlobalSection(ExtensibilityGlobals) = postSolution
		SolutionGuid = {31D0A2C2-281B-467C-96E5-EACBAAAAF2C4}
	EndGlobalSection
EndGlobal
